
Microsoft Visual Studio Solution File, Format Version 12.00
# Visual Studio Version 17
VisualStudioVersion = 17.4.33213.308
MinimumVisualStudioVersion = 10.0.40219.1
Project("{FAE04EC0-301F-11D3-BF4B-00C04F79EFBC}") = "ChinookNewItunes", "ChinookNewItunes\ChinookNewItunes.csproj", "{8AD454AC-176A-41C2-8E1A-D888049388E3}"
EndProject
Global
	GlobalSection(SolutionConfigurationPlatforms) = preSolution
		Debug|Any CPU = Debug|Any CPU
		Release|Any CPU = Release|Any CPU
	EndGlobalSection
	GlobalSection(ProjectConfigurationPlatforms) = postSolution
		{8AD454AC-176A-41C2-8E1A-D888049388E3}.Debug|Any CPU.ActiveCfg = Debug|Any CPU
		{8AD454AC-176A-41C2-8E1A-D888049388E3}.Debug|Any CPU.Build.0 = Debug|Any CPU
		{8AD454AC-176A-41C2-8E1A-D888049388E3}.Release|Any CPU.ActiveCfg = Release|Any CPU
		{8AD454AC-176A-41C2-8E1A-D888049388E3}.Release|Any CPU.Build.0 = Release|Any CPU
	EndGlobalSection
	GlobalSection(SolutionProperties) = preSolution
		HideSolutionNode = FALSE
	EndGlobalSection
	GlobalSection(ExtensibilityGlobals) = postSolution
		SolutionGuid = {065576BC-6B11-4126-8144-38A88A3202E4}
	EndGlobalSection
EndGlobal
